
Microsoft Visual Studio Solution File, Format Version 12.00
# Visual Studio 15
VisualStudioVersion = 15.0.27130.2010
MinimumVisualStudioVersion = 10.0.40219.1
Project("{9A19103F-16F7-4668-BE54-9A1E7A4F7556}") = "SheetsApiHelper", "SheetsApiHelper\SheetsApiHelper.csproj", "{1BD111AA-C246-474A-B6E2-F0B8F1DCE280}"
EndProject
Project("{9A19103F-16F7-4668-BE54-9A1E7A4F7556}") = "Model.EnlirImport", "Model.EnlirImport\Model.EnlirImport.csproj", "{369FD2A0-E535-4A2A-ABE9-C75E649BB173}"
EndProject
Project("{9A19103F-16F7-4668-BE54-9A1E7A4F7556}") = "Logic.EnlirImport", "Logic.EnlirImport\Logic.EnlirImport.csproj", "{B251E543-7A09-43A6-AF3D-4AD1FC170E6B}"
EndProject
Project("{9A19103F-16F7-4668-BE54-9A1E7A4F7556}") = "Manager.EnlirETL", "Manager.EnlirETL\Manager.EnlirETL.csproj", "{382D8D19-66DD-4C12-B446-D76E1D7D9FBB}"
EndProject
Project("{9A19103F-16F7-4668-BE54-9A1E7A4F7556}") = "Infra.Options.EnlirETL", "Infra.Options.EnlirETL\Infra.Options.EnlirETL.csproj", "{A1074D58-012D-4395-A5C6-6CA73935BF0A}"
EndProject
Project("{9A19103F-16F7-4668-BE54-9A1E7A4F7556}") = "Data.Storage", "Data.Storage\Data.Storage.csproj", "{8018E0ED-4A45-4D6A-A18B-E6C086E153DD}"
EndProject
Project("{9A19103F-16F7-4668-BE54-9A1E7A4F7556}") = "Logic.EnlirTransform", "Logic.EnlirTransform\Logic.EnlirTransform.csproj", "{96EE7352-A3EF-4A99-B702-C666A8CEED88}"
EndProject
Project("{9A19103F-16F7-4668-BE54-9A1E7A4F7556}") = "Model.EnlirTransform", "Model.EnlirTransform\Model.EnlirTransform.csproj", "{B0C15A91-E5FF-4804-82FC-E7F6E05966A3}"
EndProject
Project("{9A19103F-16F7-4668-BE54-9A1E7A4F7556}") = "Logic.EnlirMerge", "Logic.EnlirMerge\Logic.EnlirMerge.csproj", "{A63403E8-8D17-47E5-AE0D-C0D5BE5BB985}"
EndProject
Project("{9A19103F-16F7-4668-BE54-9A1E7A4F7556}") = "Model.EnlirMerge", "Model.EnlirMerge\Model.EnlirMerge.csproj", "{5607E47C-4DCE-458D-93E9-1DB8F69D30C2}"
EndProject
Project("{9A19103F-16F7-4668-BE54-9A1E7A4F7556}") = "FunctionApp.ETL", "FunctionApp.ETL\FunctionApp.ETL.csproj", "{FC130A58-B027-4F1F-A941-97E7B91550CC}"
EndProject
Project("{9A19103F-16F7-4668-BE54-9A1E7A4F7556}") = "Api.FFRK", "Api.FFRK\Api.FFRK.csproj", "{72CDE731-B014-44D1-B4B4-0847E9B104AB}"
EndProject
Project("{9A19103F-16F7-4668-BE54-9A1E7A4F7556}") = "Logic.Api", "Logic.Api\Logic.Api.csproj", "{7CF686B1-ADF5-4EE7-826E-D2EF75D0B638}"
EndProject
Project("{9A19103F-16F7-4668-BE54-9A1E7A4F7556}") = "Data.Api", "Data.Api\Data.Api.csproj", "{660154CD-842F-4ED1-92F9-0FCA3E290032}"
EndProject
Project("{9A19103F-16F7-4668-BE54-9A1E7A4F7556}") = "Dto.Api", "Dto.Api\Dto.Api.csproj", "{626CF5CB-F41D-4270-9FE2-E62C332EDA97}"
EndProject
Project("{9A19103F-16F7-4668-BE54-9A1E7A4F7556}") = "Model.Api", "Model.Api\Model.Api.csproj", "{F68BF87E-E265-41CB-850A-D3E5A11BB337}"
EndProject
Global
	GlobalSection(SolutionConfigurationPlatforms) = preSolution
		Debug|Any CPU = Debug|Any CPU
		Release|Any CPU = Release|Any CPU
	EndGlobalSection
	GlobalSection(ProjectConfigurationPlatforms) = postSolution
		{1BD111AA-C246-474A-B6E2-F0B8F1DCE280}.Debug|Any CPU.ActiveCfg = Debug|Any CPU
		{1BD111AA-C246-474A-B6E2-F0B8F1DCE280}.Debug|Any CPU.Build.0 = Debug|Any CPU
		{1BD111AA-C246-474A-B6E2-F0B8F1DCE280}.Release|Any CPU.ActiveCfg = Release|Any CPU
		{1BD111AA-C246-474A-B6E2-F0B8F1DCE280}.Release|Any CPU.Build.0 = Release|Any CPU
		{369FD2A0-E535-4A2A-ABE9-C75E649BB173}.Debug|Any CPU.ActiveCfg = Debug|Any CPU
		{369FD2A0-E535-4A2A-ABE9-C75E649BB173}.Debug|Any CPU.Build.0 = Debug|Any CPU
		{369FD2A0-E535-4A2A-ABE9-C75E649BB173}.Release|Any CPU.ActiveCfg = Release|Any CPU
		{369FD2A0-E535-4A2A-ABE9-C75E649BB173}.Release|Any CPU.Build.0 = Release|Any CPU
		{B251E543-7A09-43A6-AF3D-4AD1FC170E6B}.Debug|Any CPU.ActiveCfg = Debug|Any CPU
		{B251E543-7A09-43A6-AF3D-4AD1FC170E6B}.Debug|Any CPU.Build.0 = Debug|Any CPU
		{B251E543-7A09-43A6-AF3D-4AD1FC170E6B}.Release|Any CPU.ActiveCfg = Release|Any CPU
		{B251E543-7A09-43A6-AF3D-4AD1FC170E6B}.Release|Any CPU.Build.0 = Release|Any CPU
		{382D8D19-66DD-4C12-B446-D76E1D7D9FBB}.Debug|Any CPU.ActiveCfg = Debug|Any CPU
		{382D8D19-66DD-4C12-B446-D76E1D7D9FBB}.Debug|Any CPU.Build.0 = Debug|Any CPU
		{382D8D19-66DD-4C12-B446-D76E1D7D9FBB}.Release|Any CPU.ActiveCfg = Release|Any CPU
		{382D8D19-66DD-4C12-B446-D76E1D7D9FBB}.Release|Any CPU.Build.0 = Release|Any CPU
		{A1074D58-012D-4395-A5C6-6CA73935BF0A}.Debug|Any CPU.ActiveCfg = Debug|Any CPU
		{A1074D58-012D-4395-A5C6-6CA73935BF0A}.Debug|Any CPU.Build.0 = Debug|Any CPU
		{A1074D58-012D-4395-A5C6-6CA73935BF0A}.Release|Any CPU.ActiveCfg = Release|Any CPU
		{A1074D58-012D-4395-A5C6-6CA73935BF0A}.Release|Any CPU.Build.0 = Release|Any CPU
		{8018E0ED-4A45-4D6A-A18B-E6C086E153DD}.Debug|Any CPU.ActiveCfg = Debug|Any CPU
		{8018E0ED-4A45-4D6A-A18B-E6C086E153DD}.Debug|Any CPU.Build.0 = Debug|Any CPU
		{8018E0ED-4A45-4D6A-A18B-E6C086E153DD}.Release|Any CPU.ActiveCfg = Release|Any CPU
		{8018E0ED-4A45-4D6A-A18B-E6C086E153DD}.Release|Any CPU.Build.0 = Release|Any CPU
		{96EE7352-A3EF-4A99-B702-C666A8CEED88}.Debug|Any CPU.ActiveCfg = Debug|Any CPU
		{96EE7352-A3EF-4A99-B702-C666A8CEED88}.Debug|Any CPU.Build.0 = Debug|Any CPU
		{96EE7352-A3EF-4A99-B702-C666A8CEED88}.Release|Any CPU.ActiveCfg = Release|Any CPU
		{96EE7352-A3EF-4A99-B702-C666A8CEED88}.Release|Any CPU.Build.0 = Release|Any CPU
		{B0C15A91-E5FF-4804-82FC-E7F6E05966A3}.Debug|Any CPU.ActiveCfg = Debug|Any CPU
		{B0C15A91-E5FF-4804-82FC-E7F6E05966A3}.Debug|Any CPU.Build.0 = Debug|Any CPU
		{B0C15A91-E5FF-4804-82FC-E7F6E05966A3}.Release|Any CPU.ActiveCfg = Release|Any CPU
		{B0C15A91-E5FF-4804-82FC-E7F6E05966A3}.Release|Any CPU.Build.0 = Release|Any CPU
		{A63403E8-8D17-47E5-AE0D-C0D5BE5BB985}.Debug|Any CPU.ActiveCfg = Debug|Any CPU
		{A63403E8-8D17-47E5-AE0D-C0D5BE5BB985}.Debug|Any CPU.Build.0 = Debug|Any CPU
		{A63403E8-8D17-47E5-AE0D-C0D5BE5BB985}.Release|Any CPU.ActiveCfg = Release|Any CPU
		{A63403E8-8D17-47E5-AE0D-C0D5BE5BB985}.Release|Any CPU.Build.0 = Release|Any CPU
		{5607E47C-4DCE-458D-93E9-1DB8F69D30C2}.Debug|Any CPU.ActiveCfg = Debug|Any CPU
		{5607E47C-4DCE-458D-93E9-1DB8F69D30C2}.Debug|Any CPU.Build.0 = Debug|Any CPU
		{5607E47C-4DCE-458D-93E9-1DB8F69D30C2}.Release|Any CPU.ActiveCfg = Release|Any CPU
		{5607E47C-4DCE-458D-93E9-1DB8F69D30C2}.Release|Any CPU.Build.0 = Release|Any CPU
		{FC130A58-B027-4F1F-A941-97E7B91550CC}.Debug|Any CPU.ActiveCfg = Debug|Any CPU
		{FC130A58-B027-4F1F-A941-97E7B91550CC}.Debug|Any CPU.Build.0 = Debug|Any CPU
		{FC130A58-B027-4F1F-A941-97E7B91550CC}.Release|Any CPU.ActiveCfg = Release|Any CPU
		{FC130A58-B027-4F1F-A941-97E7B91550CC}.Release|Any CPU.Build.0 = Release|Any CPU
		{72CDE731-B014-44D1-B4B4-0847E9B104AB}.Debug|Any CPU.ActiveCfg = Debug|Any CPU
		{72CDE731-B014-44D1-B4B4-0847E9B104AB}.Debug|Any CPU.Build.0 = Debug|Any CPU
		{72CDE731-B014-44D1-B4B4-0847E9B104AB}.Release|Any CPU.ActiveCfg = Release|Any CPU
		{72CDE731-B014-44D1-B4B4-0847E9B104AB}.Release|Any CPU.Build.0 = Release|Any CPU
		{7CF686B1-ADF5-4EE7-826E-D2EF75D0B638}.Debug|Any CPU.ActiveCfg = Debug|Any CPU
		{7CF686B1-ADF5-4EE7-826E-D2EF75D0B638}.Debug|Any CPU.Build.0 = Debug|Any CPU
		{7CF686B1-ADF5-4EE7-826E-D2EF75D0B638}.Release|Any CPU.ActiveCfg = Release|Any CPU
		{7CF686B1-ADF5-4EE7-826E-D2EF75D0B638}.Release|Any CPU.Build.0 = Release|Any CPU
		{660154CD-842F-4ED1-92F9-0FCA3E290032}.Debug|Any CPU.ActiveCfg = Debug|Any CPU
		{660154CD-842F-4ED1-92F9-0FCA3E290032}.Debug|Any CPU.Build.0 = Debug|Any CPU
		{660154CD-842F-4ED1-92F9-0FCA3E290032}.Release|Any CPU.ActiveCfg = Release|Any CPU
		{660154CD-842F-4ED1-92F9-0FCA3E290032}.Release|Any CPU.Build.0 = Release|Any CPU
		{626CF5CB-F41D-4270-9FE2-E62C332EDA97}.Debug|Any CPU.ActiveCfg = Debug|Any CPU
		{626CF5CB-F41D-4270-9FE2-E62C332EDA97}.Debug|Any CPU.Build.0 = Debug|Any CPU
		{626CF5CB-F41D-4270-9FE2-E62C332EDA97}.Release|Any CPU.ActiveCfg = Release|Any CPU
		{626CF5CB-F41D-4270-9FE2-E62C332EDA97}.Release|Any CPU.Build.0 = Release|Any CPU
		{F68BF87E-E265-41CB-850A-D3E5A11BB337}.Debug|Any CPU.ActiveCfg = Debug|Any CPU
		{F68BF87E-E265-41CB-850A-D3E5A11BB337}.Debug|Any CPU.Build.0 = Debug|Any CPU
		{F68BF87E-E265-41CB-850A-D3E5A11BB337}.Release|Any CPU.ActiveCfg = Release|Any CPU
		{F68BF87E-E265-41CB-850A-D3E5A11BB337}.Release|Any CPU.Build.0 = Release|Any CPU
	EndGlobalSection
	GlobalSection(SolutionProperties) = preSolution
		HideSolutionNode = FALSE
	EndGlobalSection
	GlobalSection(ExtensibilityGlobals) = postSolution
		SolutionGuid = {52DCD34A-5480-4203-95B8-AB4BB29CABEC}
	EndGlobalSection
EndGlobal
